// !$*UTF8*$!
{
	archiveVersion = 1;
	classes = {
	};
	objectVersion = 50;
	objects = {

/* Begin PBXBuildFile section */
		D400951B25C4060E0054184E /* View+Extension.swift in Sources */ = {isa = PBXBuildFile; fileRef = D400951A25C4060E0054184E /* View+Extension.swift */; };
		D400952425C4064A0054184E /* Dictionary+Extension.swift in Sources */ = {isa = PBXBuildFile; fileRef = D400952325C4064A0054184E /* Dictionary+Extension.swift */; };
		D400952925C406FA0054184E /* HomeViewModel.swift in Sources */ = {isa = PBXBuildFile; fileRef = D400952825C406FA0054184E /* HomeViewModel.swift */; };
		D41370BC25C3F8C30053ED5E /* BackendDrivenSwiftUIApp.swift in Sources */ = {isa = PBXBuildFile; fileRef = D41370BB25C3F8C30053ED5E /* BackendDrivenSwiftUIApp.swift */; };
		D41370BE25C3F8C30053ED5E /* HomeView.swift in Sources */ = {isa = PBXBuildFile; fileRef = D41370BD25C3F8C30053ED5E /* HomeView.swift */; };
		D41370C025C3F8C30053ED5E /* Assets.xcassets in Resources */ = {isa = PBXBuildFile; fileRef = D41370BF25C3F8C30053ED5E /* Assets.xcassets */; };
		D41370C325C3F8C30053ED5E /* Preview Assets.xcassets in Resources */ = {isa = PBXBuildFile; fileRef = D41370C225C3F8C30053ED5E /* Preview Assets.xcassets */; };
		D47492F725C3FEDE003E1923 /* response.json in Resources */ = {isa = PBXBuildFile; fileRef = D47492F625C3FEDE003E1923 /* response.json */; };
		D4BB93A125C41939008D9BFD /* Bundle+Extension.swift in Sources */ = {isa = PBXBuildFile; fileRef = D4BB93A025C41939008D9BFD /* Bundle+Extension.swift */; };
		D4BB93A425C41A3E008D9BFD /* Section1Template.swift in Sources */ = {isa = PBXBuildFile; fileRef = D4BB93A325C41A3E008D9BFD /* Section1Template.swift */; };
		D4BB93A725C41A53008D9BFD /* Section2Template.swift in Sources */ = {isa = PBXBuildFile; fileRef = D4BB93A625C41A53008D9BFD /* Section2Template.swift */; };
		D4BB93AF25C445A3008D9BFD /* UITemplate.swift in Sources */ = {isa = PBXBuildFile; fileRef = D4BB93AE25C445A3008D9BFD /* UITemplate.swift */; };
/* End PBXBuildFile section */

/* Begin PBXFileReference section */
		D400951A25C4060E0054184E /* View+Extension.swift */ = {isa = PBXFileReference; lastKnownFileType = sourcecode.swift; path = "View+Extension.swift"; sourceTree = "<group>"; };
		D400952325C4064A0054184E /* Dictionary+Extension.swift */ = {isa = PBXFileReference; lastKnownFileType = sourcecode.swift; path = "Dictionary+Extension.swift"; sourceTree = "<group>"; };
		D400952825C406FA0054184E /* HomeViewModel.swift */ = {isa = PBXFileReference; lastKnownFileType = sourcecode.swift; path = HomeViewModel.swift; sourceTree = "<group>"; };
		D41370B825C3F8C30053ED5E /* BackendDrivenSwiftUI.app */ = {isa = PBXFileReference; explicitFileType = wrapper.application; includeInIndex = 0; path = BackendDrivenSwiftUI.app; sourceTree = BUILT_PRODUCTS_DIR; };
		D41370BB25C3F8C30053ED5E /* BackendDrivenSwiftUIApp.swift */ = {isa = PBXFileReference; lastKnownFileType = sourcecode.swift; path = BackendDrivenSwiftUIApp.swift; sourceTree = "<group>"; };
		D41370BD25C3F8C30053ED5E /* HomeView.swift */ = {isa = PBXFileReference; lastKnownFileType = sourcecode.swift; path = HomeView.swift; sourceTree = "<group>"; };
		D41370BF25C3F8C30053ED5E /* Assets.xcassets */ = {isa = PBXFileReference; lastKnownFileType = folder.assetcatalog; path = Assets.xcassets; sourceTree = "<group>"; };
		D41370C225C3F8C30053ED5E /* Preview Assets.xcassets */ = {isa = PBXFileReference; lastKnownFileType = folder.assetcatalog; path = "Preview Assets.xcassets"; sourceTree = "<group>"; };
		D41370C425C3F8C30053ED5E /* Info.plist */ = {isa = PBXFileReference; lastKnownFileType = text.plist.xml; path = Info.plist; sourceTree = "<group>"; };
		D47492F625C3FEDE003E1923 /* response.json */ = {isa = PBXFileReference; lastKnownFileType = text.json; path = response.json; sourceTree = "<group>"; };
		D4BB93A025C41939008D9BFD /* Bundle+Extension.swift */ = {isa = PBXFileReference; lastKnownFileType = sourcecode.swift; path = "Bundle+Extension.swift"; sourceTree = "<group>"; };
		D4BB93A325C41A3E008D9BFD /* Section1Template.swift */ = {isa = PBXFileReference; lastKnownFileType = sourcecode.swift; path = Section1Template.swift; sourceTree = "<group>"; };
		D4BB93A625C41A53008D9BFD /* Section2Template.swift */ = {isa = PBXFileReference; lastKnownFileType = sourcecode.swift; path = Section2Template.swift; sourceTree = "<group>"; };
		D4BB93AE25C445A3008D9BFD /* UITemplate.swift */ = {isa = PBXFileReference; lastKnownFileType = sourcecode.swift; path = UITemplate.swift; sourceTree = "<group>"; };
/* End PBXFileReference section */

/* Begin PBXFrameworksBuildPhase section */
		D41370B525C3F8C30053ED5E /* Frameworks */ = {
			isa = PBXFrameworksBuildPhase;
			buildActionMask = 2147483647;
			files = (
			);
			runOnlyForDeploymentPostprocessing = 0;
		};
/* End PBXFrameworksBuildPhase section */

/* Begin PBXGroup section */
		D400951D25C406320054184E /* Extensions */ = {
			isa = PBXGroup;
			children = (
				D400951A25C4060E0054184E /* View+Extension.swift */,
				D400952325C4064A0054184E /* Dictionary+Extension.swift */,
				D4BB93A025C41939008D9BFD /* Bundle+Extension.swift */,
			);
			path = Extensions;
			sourceTree = "<group>";
		};
		D400952625C406D70054184E /* Resources */ = {
			isa = PBXGroup;
			children = (
				D47492F625C3FEDE003E1923 /* response.json */,
			);
			path = Resources;
			sourceTree = "<group>";
		};
		D400952725C406F10054184E /* ViewModels */ = {
			isa = PBXGroup;
			children = (
				D400952825C406FA0054184E /* HomeViewModel.swift */,
			);
			path = ViewModels;
			sourceTree = "<group>";
		};
		D400952B25C406FE0054184E /* Views */ = {
			isa = PBXGroup;
			children = (
				D41370BD25C3F8C30053ED5E /* HomeView.swift */,
			);
			path = Views;
			sourceTree = "<group>";
		};
		D41370AF25C3F8C30053ED5E = {
			isa = PBXGroup;
			children = (
				D41370BA25C3F8C30053ED5E /* BackendDrivenSwiftUI */,
				D41370B925C3F8C30053ED5E /* Products */,
			);
			sourceTree = "<group>";
		};
		D41370B925C3F8C30053ED5E /* Products */ = {
			isa = PBXGroup;
			children = (
				D41370B825C3F8C30053ED5E /* BackendDrivenSwiftUI.app */,
			);
			name = Products;
			sourceTree = "<group>";
		};
		D41370BA25C3F8C30053ED5E /* BackendDrivenSwiftUI */ = {
			isa = PBXGroup;
			children = (
				D41370BB25C3F8C30053ED5E /* BackendDrivenSwiftUIApp.swift */,
				D4BB93AD25C4458C008D9BFD /* UITemplates */,
				D400952B25C406FE0054184E /* Views */,
				D400952725C406F10054184E /* ViewModels */,
				D400951D25C406320054184E /* Extensions */,
				D400952625C406D70054184E /* Resources */,
				D41370BF25C3F8C30053ED5E /* Assets.xcassets */,
				D41370C425C3F8C30053ED5E /* Info.plist */,
				D41370C125C3F8C30053ED5E /* Preview Content */,
			);
			path = BackendDrivenSwiftUI;
			sourceTree = "<group>";
		};
		D41370C125C3F8C30053ED5E /* Preview Content */ = {
			isa = PBXGroup;
			children = (
				D41370C225C3F8C30053ED5E /* Preview Assets.xcassets */,
			);
			path = "Preview Content";
			sourceTree = "<group>";
		};
		D4BB93AD25C4458C008D9BFD /* UITemplates */ = {
			isa = PBXGroup;
			children = (
				D4BB93AE25C445A3008D9BFD /* UITemplate.swift */,
				D4BB93A325C41A3E008D9BFD /* Section1Template.swift */,
				D4BB93A625C41A53008D9BFD /* Section2Template.swift */,
			);
			path = UITemplates;
			sourceTree = "<group>";
		};
/* End PBXGroup section */

/* Begin PBXNativeTarget section */
		D41370B725C3F8C30053ED5E /* BackendDrivenSwiftUI */ = {
			isa = PBXNativeTarget;
			buildConfigurationList = D41370C725C3F8C30053ED5E /* Build configuration list for PBXNativeTarget "BackendDrivenSwiftUI" */;
			buildPhases = (
				D41370B425C3F8C30053ED5E /* Sources */,
				D41370B525C3F8C30053ED5E /* Frameworks */,
				D41370B625C3F8C30053ED5E /* Resources */,
			);
			buildRules = (
			);
			dependencies = (
			);
			name = BackendDrivenSwiftUI;
			productName = BackendDrivenSwiftUI;
			productReference = D41370B825C3F8C30053ED5E /* BackendDrivenSwiftUI.app */;
			productType = "com.apple.product-type.application";
		};
/* End PBXNativeTarget section */

/* Begin PBXProject section */
		D41370B025C3F8C30053ED5E /* Project object */ = {
			isa = PBXProject;
			attributes = {
				LastSwiftUpdateCheck = 1220;
				LastUpgradeCheck = 1220;
				TargetAttributes = {
					D41370B725C3F8C30053ED5E = {
						CreatedOnToolsVersion = 12.2;
					};
				};
			};
			buildConfigurationList = D41370B325C3F8C30053ED5E /* Build configuration list for PBXProject "BackendDrivenSwiftUI" */;
			compatibilityVersion = "Xcode 9.3";
			developmentRegion = en;
			hasScannedForEncodings = 0;
			knownRegions = (
				en,
				Base,
			);
			mainGroup = D41370AF25C3F8C30053ED5E;
			productRefGroup = D41370B925C3F8C30053ED5E /* Products */;
			projectDirPath = "";
			projectRoot = "";
			targets = (
				D41370B725C3F8C30053ED5E /* BackendDrivenSwiftUI */,
			);
		};
/* End PBXProject section */

/* Begin PBXResourcesBuildPhase section */
		D41370B625C3F8C30053ED5E /* Resources */ = {
			isa = PBXResourcesBuildPhase;
			buildActionMask = 2147483647;
			files = (
				D41370C325C3F8C30053ED5E /* Preview Assets.xcassets in Resources */,
				D47492F725C3FEDE003E1923 /* response.json in Resources */,
				D41370C025C3F8C30053ED5E /* Assets.xcassets in Resources */,
			);
			runOnlyForDeploymentPostprocessing = 0;
		};
/* End PBXResourcesBuildPhase section */

/* Begin PBXSourcesBuildPhase section */
		D41370B425C3F8C30053ED5E /* Sources */ = {
			isa = PBXSourcesBuildPhase;
			buildActionMask = 2147483647;
			files = (
				D41370BE25C3F8C30053ED5E /* HomeView.swift in Sources */,
				D400952925C406FA0054184E /* HomeViewModel.swift in Sources */,
				D4BB93A725C41A53008D9BFD /* Section2Template.swift in Sources */,
				D4BB93A425C41A3E008D9BFD /* Section1Template.swift in Sources */,
				D4BB93A125C41939008D9BFD /* Bundle+Extension.swift in Sources */,
				D41370BC25C3F8C30053ED5E /* BackendDrivenSwiftUIApp.swift in Sources */,
				D400951B25C4060E0054184E /* View+Extension.swift in Sources */,
				D4BB93AF25C445A3008D9BFD /* UITemplate.swift in Sources */,
				D400952425C4064A0054184E /* Dictionary+Extension.swift in Sources */,
			);
			runOnlyForDeploymentPostprocessing = 0;
		};
/* End PBXSourcesBuildPhase section */

/* Begin XCBuildConfiguration section */
		D41370C525C3F8C30053ED5E /* Debug */ = {
			isa = XCBuildConfiguration;
			buildSettings = {
				ALWAYS_SEARCH_USER_PATHS = NO;
				CLANG_ANALYZER_NONNULL = YES;
				CLANG_ANALYZER_NUMBER_OBJECT_CONVERSION = YES_AGGRESSIVE;
				CLANG_CXX_LANGUAGE_STANDARD = "gnu++14";
				CLANG_CXX_LIBRARY = "libc++";
				CLANG_ENABLE_MODULES = YES;
				CLANG_ENABLE_OBJC_ARC = YES;
				CLANG_ENABLE_OBJC_WEAK = YES;
				CLANG_WARN_BLOCK_CAPTURE_AUTORELEASING = YES;
				CLANG_WARN_BOOL_CONVERSION = YES;
				CLANG_WARN_COMMA = YES;
				CLANG_WARN_CONSTANT_CONVERSION = YES;
				CLANG_WARN_DEPRECATED_OBJC_IMPLEMENTATIONS = YES;
				CLANG_WARN_DIRECT_OBJC_ISA_USAGE = YES_ERROR;
				CLANG_WARN_DOCUMENTATION_COMMENTS = YES;
				CLANG_WARN_EMPTY_BODY = YES;
				CLANG_WARN_ENUM_CONVERSION = YES;
				CLANG_WARN_INFINITE_RECURSION = YES;
				CLANG_WARN_INT_CONVERSION = YES;
				CLANG_WARN_NON_LITERAL_NULL_CONVERSION = YES;
				CLANG_WARN_OBJC_IMPLICIT_RETAIN_SELF = YES;
				CLANG_WARN_OBJC_LITERAL_CONVERSION = YES;
				CLANG_WARN_OBJC_ROOT_CLASS = YES_ERROR;
				CLANG_WARN_QUOTED_INCLUDE_IN_FRAMEWORK_HEADER = YES;
				CLANG_WARN_RANGE_LOOP_ANALYSIS = YES;
				CLANG_WARN_STRICT_PROTOTYPES = YES;
				CLANG_WARN_SUSPICIOUS_MOVE = YES;
				CLANG_WARN_UNGUARDED_AVAILABILITY = YES_AGGRESSIVE;
				CLANG_WARN_UNREACHABLE_CODE = YES;
				CLANG_WARN__DUPLICATE_METHOD_MATCH = YES;
				COPY_PHASE_STRIP = NO;
				DEBUG_INFORMATION_FORMAT = dwarf;
				ENABLE_STRICT_OBJC_MSGSEND = YES;
				ENABLE_TESTABILITY = YES;
				GCC_C_LANGUAGE_STANDARD = gnu11;
				GCC_DYNAMIC_NO_PIC = NO;
				GCC_NO_COMMON_BLOCKS = YES;
				GCC_OPTIMIZATION_LEVEL = 0;
				GCC_PREPROCESSOR_DEFINITIONS = (
					"DEBUG=1",
					"$(inherited)",
				);
				GCC_WARN_64_TO_32_BIT_CONVERSION = YES;
				GCC_WARN_ABOUT_RETURN_TYPE = YES_ERROR;
				GCC_WARN_UNDECLARED_SELECTOR = YES;
				GCC_WARN_UNINITIALIZED_AUTOS = YES_AGGRESSIVE;
				GCC_WARN_UNUSED_FUNCTION = YES;
				GCC_WARN_UNUSED_VARIABLE = YES;
				IPHONEOS_DEPLOYMENT_TARGET = 14.2;
				MTL_ENABLE_DEBUG_INFO = INCLUDE_SOURCE;
				MTL_FAST_MATH = YES;
				ONLY_ACTIVE_ARCH = YES;
				SDKROOT = iphoneos;
				SWIFT_ACTIVE_COMPILATION_CONDITIONS = DEBUG;
				SWIFT_OPTIMIZATION_LEVEL = "-Onone";
			};
			name = Debug;
		};
		D41370C625C3F8C30053ED5E /* Release */ = {
			isa = XCBuildConfiguration;
			buildSettings = {
				ALWAYS_SEARCH_USER_PATHS = NO;
				CLANG_ANALYZER_NONNULL = YES;
				CLANG_ANALYZER_NUMBER_OBJECT_CONVERSION = YES_AGGRESSIVE;
				CLANG_CXX_LANGUAGE_STANDARD = "gnu++14";
				CLANG_CXX_LIBRARY = "libc++";
				CLANG_ENABLE_MODULES = YES;
				CLANG_ENABLE_OBJC_ARC = YES;
				CLANG_ENABLE_OBJC_WEAK = YES;
				CLANG_WARN_BLOCK_CAPTURE_AUTORELEASING = YES;
				CLANG_WARN_BOOL_CONVERSION = YES;
				CLANG_WARN_COMMA = YES;
				CLANG_WARN_CONSTANT_CONVERSION = YES;
				CLANG_WARN_DEPRECATED_OBJC_IMPLEMENTATIONS = YES;
				CLANG_WARN_DIRECT_OBJC_ISA_USAGE = YES_ERROR;
				CLANG_WARN_DOCUMENTATION_COMMENTS = YES;
				CLANG_WARN_EMPTY_BODY = YES;
				CLANG_WARN_ENUM_CONVERSION = YES;
				CLANG_WARN_INFINITE_RECURSION = YES;
				CLANG_WARN_INT_CONVERSION = YES;
				CLANG_WARN_NON_LITERAL_NULL_CONVERSION = YES;
				CLANG_WARN_OBJC_IMPLICIT_RETAIN_SELF = YES;
				CLANG_WARN_OBJC_LITERAL_CONVERSION = YES;
				CLANG_WARN_OBJC_ROOT_CLASS = YES_ERROR;
				CLANG_WARN_QUOTED_INCLUDE_IN_FRAMEWORK_HEADER = YES;
				CLANG_WARN_RANGE_LOOP_ANALYSIS = YES;
				CLANG_WARN_STRICT_PROTOTYPES = YES;
				CLANG_WARN_SUSPICIOUS_MOVE = YES;
				CLANG_WARN_UNGUARDED_AVAILABILITY = YES_AGGRESSIVE;
				CLANG_WARN_UNREACHABLE_CODE = YES;
				CLANG_WARN__DUPLICATE_METHOD_MATCH = YES;
				COPY_PHASE_STRIP = NO;
				DEBUG_INFORMATION_FORMAT = "dwarf-with-dsym";
				ENABLE_NS_ASSERTIONS = NO;
				ENABLE_STRICT_OBJC_MSGSEND = YES;
				GCC_C_LANGUAGE_STANDARD = gnu11;
				GCC_NO_COMMON_BLOCKS = YES;
				GCC_WARN_64_TO_32_BIT_CONVERSION = YES;
				GCC_WARN_ABOUT_RETURN_TYPE = YES_ERROR;
				GCC_WARN_UNDECLARED_SELECTOR = YES;
				GCC_WARN_UNINITIALIZED_AUTOS = YES_AGGRESSIVE;
				GCC_WARN_UNUSED_FUNCTION = YES;
				GCC_WARN_UNUSED_VARIABLE = YES;
				IPHONEOS_DEPLOYMENT_TARGET = 14.2;
				MTL_ENABLE_DEBUG_INFO = NO;
				MTL_FAST_MATH = YES;
				SDKROOT = iphoneos;
				SWIFT_COMPILATION_MODE = wholemodule;
				SWIFT_OPTIMIZATION_LEVEL = "-O";
				VALIDATE_PRODUCT = YES;
			};
			name = Release;
		};
		D41370C825C3F8C30053ED5E /* Debug */ = {
			isa = XCBuildConfiguration;
			buildSettings = {
				ASSETCATALOG_COMPILER_APPICON_NAME = AppIcon;
				ASSETCATALOG_COMPILER_GLOBAL_ACCENT_COLOR_NAME = AccentColor;
				CODE_SIGN_STYLE = Automatic;
				DEVELOPMENT_ASSET_PATHS = "\"BackendDrivenSwiftUI/Preview Content\"";
				ENABLE_PREVIEWS = YES;
				INFOPLIST_FILE = BackendDrivenSwiftUI/Info.plist;
				IPHONEOS_DEPLOYMENT_TARGET = 14.0;
				LD_RUNPATH_SEARCH_PATHS = (
					"$(inherited)",
					"@executable_path/Frameworks",
				);
				PRODUCT_BUNDLE_IDENTIFIER = com.egeeke.BackendDrivenSwiftUI;
				PRODUCT_NAME = "$(TARGET_NAME)";
				SWIFT_VERSION = 5.0;
				TARGETED_DEVICE_FAMILY = "1,2";
			};
			name = Debug;
		};
		D41370C925C3F8C30053ED5E /* Release */ = {
			isa = XCBuildConfiguration;
			buildSettings = {
				ASSETCATALOG_COMPILER_APPICON_NAME = AppIcon;
				ASSETCATALOG_COMPILER_GLOBAL_ACCENT_COLOR_NAME = AccentColor;
				CODE_SIGN_STYLE = Automatic;
				DEVELOPMENT_ASSET_PATHS = "\"BackendDrivenSwiftUI/Preview Content\"";
				ENABLE_PREVIEWS = YES;
				INFOPLIST_FILE = BackendDrivenSwiftUI/Info.plist;
				IPHONEOS_DEPLOYMENT_TARGET = 14.0;
				LD_RUNPATH_SEARCH_PATHS = (
					"$(inherited)",
					"@executable_path/Frameworks",
				);
				PRODUCT_BUNDLE_IDENTIFIER = com.egeeke.BackendDrivenSwiftUI;
				PRODUCT_NAME = "$(TARGET_NAME)";
				SWIFT_VERSION = 5.0;
				TARGETED_DEVICE_FAMILY = "1,2";
			};
			name = Release;
		};
/* End XCBuildConfiguration section */

/* Begin XCConfigurationList section */
		D41370B325C3F8C30053ED5E /* Build configuration list for PBXProject "BackendDrivenSwiftUI" */ = {
			isa = XCConfigurationList;
			buildConfigurations = (
				D41370C525C3F8C30053ED5E /* Debug */,
				D41370C625C3F8C30053ED5E /* Release */,
			);
			defaultConfigurationIsVisible = 0;
			defaultConfigurationName = Release;
		};
		D41370C725C3F8C30053ED5E /* Build configuration list for PBXNativeTarget "BackendDrivenSwiftUI" */ = {
			isa = XCConfigurationList;
			buildConfigurations = (
				D41370C825C3F8C30053ED5E /* Debug */,
				D41370C925C3F8C30053ED5E /* Release */,
			);
			defaultConfigurationIsVisible = 0;
			defaultConfigurationName = Release;
		};
/* End XCConfigurationList section */
	};
	rootObject = D41370B025C3F8C30053ED5E /* Project object */;
}
